
Microsoft Visual Studio Solution File, Format Version 12.00
# Visual Studio Version 17
VisualStudioVersion = 17.4.33205.214
MinimumVisualStudioVersion = 10.0.40219.1
Project("{2150E333-8FDC-42A3-9474-1A3956D46DE8}") = "WhatToRead_ADO", "WhatToRead_ADO", "{38D7133F-99E3-46BC-8EB6-A92AA7055BF5}"
EndProject
Project("{2150E333-8FDC-42A3-9474-1A3956D46DE8}") = "WhatToRead_EF", "WhatToRead_EF", "{E865C777-FBD9-4466-A5BB-76FED373F80E}"
EndProject
Project("{9A19103F-16F7-4668-BE54-9A1E7A4F7556}") = "BlazorApp.EF", "BlazorApp.EF\BlazorApp.EF.csproj", "{AF51D06E-138F-4B96-B277-152BB9880193}"
EndProject
Project("{2150E333-8FDC-42A3-9474-1A3956D46DE8}") = "WhatToRead_DDD", "WhatToRead_DDD", "{5838D7F6-30A8-4774-B89D-112066222DE9}"
EndProject
Project("{2150E333-8FDC-42A3-9474-1A3956D46DE8}") = "Identity&Tokens", "Identity&Tokens", "{F8BA6908-02DF-4605-AFE5-5DBF9E4880B6}"
EndProject
Project("{9A19103F-16F7-4668-BE54-9A1E7A4F7556}") = "Identity", "Identity\Identity.csproj", "{60E03087-FD4F-48B4-B354-FD6F80109434}"
EndProject
Project("{9A19103F-16F7-4668-BE54-9A1E7A4F7556}") = "Presentation", "CleanArchitecture\Presentation\Presentation.csproj", "{866A7E30-D3CB-4778-B172-5D60D5FBEC75}"
EndProject
Project("{9A19103F-16F7-4668-BE54-9A1E7A4F7556}") = "Domain", "CleanArchitecture\Domain\Domain.csproj", "{D8B7BD0C-EEC8-4CA2-B8A0-2C0A2B054575}"
EndProject
Project("{9A19103F-16F7-4668-BE54-9A1E7A4F7556}") = "Application", "CleanArchitecture\Application\Application.csproj", "{480CFB42-4D16-4494-859C-DC828898F340}"
EndProject
Project("{9A19103F-16F7-4668-BE54-9A1E7A4F7556}") = "Persistence", "CleanArchitecture\Persistence\Persistence.csproj", "{2FB25106-A59D-4FBB-9419-51D0507AB108}"
EndProject
Project("{2150E333-8FDC-42A3-9474-1A3956D46DE8}") = "CoreLayer", "CoreLayer", "{E180D6BD-3925-4B72-B3C3-D3F169CEA27E}"
EndProject
Project("{2150E333-8FDC-42A3-9474-1A3956D46DE8}") = "InfractureLayer", "InfractureLayer", "{B7B239BD-2454-4159-963C-C35229B246B7}"
EndProject
Project("{9A19103F-16F7-4668-BE54-9A1E7A4F7556}") = "WhatToRead.API", "WhatToRead.ADO\WhatToRead.API\WhatToRead.API.csproj", "{CD5EBEF2-7D19-4567-8A03-9760BA61565D}"
EndProject
Project("{9A19103F-16F7-4668-BE54-9A1E7A4F7556}") = "WhatToRead.API.AdoNet.BBL", "WhatToRead.ADO\WhatToRead.API.AdoNet.BBL\WhatToRead.API.AdoNet.BBL.csproj", "{78E1047E-8DB7-4D21-A59F-7AD59669F569}"
EndProject
Project("{9A19103F-16F7-4668-BE54-9A1E7A4F7556}") = "WhatToRead.API.AdoNet.DAL", "WhatToRead.ADO\WhatToRead.API.AdoNet.DB\WhatToRead.API.AdoNet.DAL.csproj", "{C912F994-F756-48EA-B48E-381E0DBBBDAE}"
EndProject
Project("{9A19103F-16F7-4668-BE54-9A1E7A4F7556}") = "Infrastracture", "CleanArchitecture\Infrastracture\Infrastracture.csproj", "{C4FECC51-44CC-4B19-85DB-DE7917879E65}"
EndProject
Project("{9A19103F-16F7-4668-BE54-9A1E7A4F7556}") = "EFWhatToRead_DAL", "WhatToRead.EF\EFTopics.DAL\EFWhatToRead_DAL.csproj", "{E1E0EC51-C506-48AE-B849-34B143F5D871}"
EndProject
Project("{9A19103F-16F7-4668-BE54-9A1E7A4F7556}") = "EFWhatToRead_BBL", "WhatToRead.EF\EFWhatToRead_BBL\EFWhatToRead_BBL.csproj", "{3E8DD5E3-39D1-4A5B-B6D2-91DBEF5638A8}"
EndProject
Project("{9A19103F-16F7-4668-BE54-9A1E7A4F7556}") = "WhatToRead.API.EF", "WhatToRead.EF\WhatToRead.API.EF\WhatToRead.API.EF.csproj", "{EA4266BA-2FFA-4E78-8B44-FADD0E86683E}"
EndProject
Global
	GlobalSection(SolutionConfigurationPlatforms) = preSolution
		Debug|Any CPU = Debug|Any CPU
		Release|Any CPU = Release|Any CPU
	EndGlobalSection
	GlobalSection(ProjectConfigurationPlatforms) = postSolution
		{AF51D06E-138F-4B96-B277-152BB9880193}.Debug|Any CPU.ActiveCfg = Debug|Any CPU
		{AF51D06E-138F-4B96-B277-152BB9880193}.Debug|Any CPU.Build.0 = Debug|Any CPU
		{AF51D06E-138F-4B96-B277-152BB9880193}.Release|Any CPU.ActiveCfg = Release|Any CPU
		{AF51D06E-138F-4B96-B277-152BB9880193}.Release|Any CPU.Build.0 = Release|Any CPU
		{60E03087-FD4F-48B4-B354-FD6F80109434}.Debug|Any CPU.ActiveCfg = Debug|Any CPU
		{60E03087-FD4F-48B4-B354-FD6F80109434}.Debug|Any CPU.Build.0 = Debug|Any CPU
		{60E03087-FD4F-48B4-B354-FD6F80109434}.Release|Any CPU.ActiveCfg = Release|Any CPU
		{60E03087-FD4F-48B4-B354-FD6F80109434}.Release|Any CPU.Build.0 = Release|Any CPU
		{866A7E30-D3CB-4778-B172-5D60D5FBEC75}.Debug|Any CPU.ActiveCfg = Debug|Any CPU
		{866A7E30-D3CB-4778-B172-5D60D5FBEC75}.Debug|Any CPU.Build.0 = Debug|Any CPU
		{866A7E30-D3CB-4778-B172-5D60D5FBEC75}.Release|Any CPU.ActiveCfg = Release|Any CPU
		{866A7E30-D3CB-4778-B172-5D60D5FBEC75}.Release|Any CPU.Build.0 = Release|Any CPU
		{D8B7BD0C-EEC8-4CA2-B8A0-2C0A2B054575}.Debug|Any CPU.ActiveCfg = Debug|Any CPU
		{D8B7BD0C-EEC8-4CA2-B8A0-2C0A2B054575}.Debug|Any CPU.Build.0 = Debug|Any CPU
		{D8B7BD0C-EEC8-4CA2-B8A0-2C0A2B054575}.Release|Any CPU.ActiveCfg = Release|Any CPU
		{D8B7BD0C-EEC8-4CA2-B8A0-2C0A2B054575}.Release|Any CPU.Build.0 = Release|Any CPU
		{480CFB42-4D16-4494-859C-DC828898F340}.Debug|Any CPU.ActiveCfg = Debug|Any CPU
		{480CFB42-4D16-4494-859C-DC828898F340}.Debug|Any CPU.Build.0 = Debug|Any CPU
		{480CFB42-4D16-4494-859C-DC828898F340}.Release|Any CPU.ActiveCfg = Release|Any CPU
		{480CFB42-4D16-4494-859C-DC828898F340}.Release|Any CPU.Build.0 = Release|Any CPU
		{2FB25106-A59D-4FBB-9419-51D0507AB108}.Debug|Any CPU.ActiveCfg = Debug|Any CPU
		{2FB25106-A59D-4FBB-9419-51D0507AB108}.Debug|Any CPU.Build.0 = Debug|Any CPU
		{2FB25106-A59D-4FBB-9419-51D0507AB108}.Release|Any CPU.ActiveCfg = Release|Any CPU
		{2FB25106-A59D-4FBB-9419-51D0507AB108}.Release|Any CPU.Build.0 = Release|Any CPU
		{CD5EBEF2-7D19-4567-8A03-9760BA61565D}.Debug|Any CPU.ActiveCfg = Debug|Any CPU
		{CD5EBEF2-7D19-4567-8A03-9760BA61565D}.Debug|Any CPU.Build.0 = Debug|Any CPU
		{CD5EBEF2-7D19-4567-8A03-9760BA61565D}.Release|Any CPU.ActiveCfg = Release|Any CPU
		{CD5EBEF2-7D19-4567-8A03-9760BA61565D}.Release|Any CPU.Build.0 = Release|Any CPU
		{78E1047E-8DB7-4D21-A59F-7AD59669F569}.Debug|Any CPU.ActiveCfg = Debug|Any CPU
		{78E1047E-8DB7-4D21-A59F-7AD59669F569}.Debug|Any CPU.Build.0 = Debug|Any CPU
		{78E1047E-8DB7-4D21-A59F-7AD59669F569}.Release|Any CPU.ActiveCfg = Release|Any CPU
		{78E1047E-8DB7-4D21-A59F-7AD59669F569}.Release|Any CPU.Build.0 = Release|Any CPU
		{C912F994-F756-48EA-B48E-381E0DBBBDAE}.Debug|Any CPU.ActiveCfg = Debug|Any CPU
		{C912F994-F756-48EA-B48E-381E0DBBBDAE}.Debug|Any CPU.Build.0 = Debug|Any CPU
		{C912F994-F756-48EA-B48E-381E0DBBBDAE}.Release|Any CPU.ActiveCfg = Release|Any CPU
		{C912F994-F756-48EA-B48E-381E0DBBBDAE}.Release|Any CPU.Build.0 = Release|Any CPU
		{C4FECC51-44CC-4B19-85DB-DE7917879E65}.Debug|Any CPU.ActiveCfg = Debug|Any CPU
		{C4FECC51-44CC-4B19-85DB-DE7917879E65}.Debug|Any CPU.Build.0 = Debug|Any CPU
		{C4FECC51-44CC-4B19-85DB-DE7917879E65}.Release|Any CPU.ActiveCfg = Release|Any CPU
		{C4FECC51-44CC-4B19-85DB-DE7917879E65}.Release|Any CPU.Build.0 = Release|Any CPU
		{E1E0EC51-C506-48AE-B849-34B143F5D871}.Debug|Any CPU.ActiveCfg = Debug|Any CPU
		{E1E0EC51-C506-48AE-B849-34B143F5D871}.Debug|Any CPU.Build.0 = Debug|Any CPU
		{E1E0EC51-C506-48AE-B849-34B143F5D871}.Release|Any CPU.ActiveCfg = Release|Any CPU
		{E1E0EC51-C506-48AE-B849-34B143F5D871}.Release|Any CPU.Build.0 = Release|Any CPU
		{3E8DD5E3-39D1-4A5B-B6D2-91DBEF5638A8}.Debug|Any CPU.ActiveCfg = Debug|Any CPU
		{3E8DD5E3-39D1-4A5B-B6D2-91DBEF5638A8}.Debug|Any CPU.Build.0 = Debug|Any CPU
		{3E8DD5E3-39D1-4A5B-B6D2-91DBEF5638A8}.Release|Any CPU.ActiveCfg = Release|Any CPU
		{3E8DD5E3-39D1-4A5B-B6D2-91DBEF5638A8}.Release|Any CPU.Build.0 = Release|Any CPU
		{EA4266BA-2FFA-4E78-8B44-FADD0E86683E}.Debug|Any CPU.ActiveCfg = Debug|Any CPU
		{EA4266BA-2FFA-4E78-8B44-FADD0E86683E}.Debug|Any CPU.Build.0 = Debug|Any CPU
		{EA4266BA-2FFA-4E78-8B44-FADD0E86683E}.Release|Any CPU.ActiveCfg = Release|Any CPU
		{EA4266BA-2FFA-4E78-8B44-FADD0E86683E}.Release|Any CPU.Build.0 = Release|Any CPU
	EndGlobalSection
	GlobalSection(SolutionProperties) = preSolution
		HideSolutionNode = FALSE
	EndGlobalSection
	GlobalSection(NestedProjects) = preSolution
		{60E03087-FD4F-48B4-B354-FD6F80109434} = {F8BA6908-02DF-4605-AFE5-5DBF9E4880B6}
		{866A7E30-D3CB-4778-B172-5D60D5FBEC75} = {5838D7F6-30A8-4774-B89D-112066222DE9}
		{D8B7BD0C-EEC8-4CA2-B8A0-2C0A2B054575} = {E180D6BD-3925-4B72-B3C3-D3F169CEA27E}
		{480CFB42-4D16-4494-859C-DC828898F340} = {E180D6BD-3925-4B72-B3C3-D3F169CEA27E}
		{2FB25106-A59D-4FBB-9419-51D0507AB108} = {B7B239BD-2454-4159-963C-C35229B246B7}
		{E180D6BD-3925-4B72-B3C3-D3F169CEA27E} = {5838D7F6-30A8-4774-B89D-112066222DE9}
		{B7B239BD-2454-4159-963C-C35229B246B7} = {5838D7F6-30A8-4774-B89D-112066222DE9}
		{CD5EBEF2-7D19-4567-8A03-9760BA61565D} = {38D7133F-99E3-46BC-8EB6-A92AA7055BF5}
		{78E1047E-8DB7-4D21-A59F-7AD59669F569} = {38D7133F-99E3-46BC-8EB6-A92AA7055BF5}
		{C912F994-F756-48EA-B48E-381E0DBBBDAE} = {38D7133F-99E3-46BC-8EB6-A92AA7055BF5}
		{C4FECC51-44CC-4B19-85DB-DE7917879E65} = {B7B239BD-2454-4159-963C-C35229B246B7}
		{E1E0EC51-C506-48AE-B849-34B143F5D871} = {E865C777-FBD9-4466-A5BB-76FED373F80E}
		{3E8DD5E3-39D1-4A5B-B6D2-91DBEF5638A8} = {E865C777-FBD9-4466-A5BB-76FED373F80E}
		{EA4266BA-2FFA-4E78-8B44-FADD0E86683E} = {E865C777-FBD9-4466-A5BB-76FED373F80E}
	EndGlobalSection
	GlobalSection(ExtensibilityGlobals) = postSolution
		SolutionGuid = {55BAFAE6-D5F4-4684-8803-D0D04C96B429}
	EndGlobalSection
EndGlobal
