
Microsoft Visual Studio Solution File, Format Version 12.00
# Visual Studio Version 17
VisualStudioVersion = 17.4.33205.214
MinimumVisualStudioVersion = 10.0.40219.1
Project("{9A19103F-16F7-4668-BE54-9A1E7A4F7556}") = "WhatToRead.API", "WhatToRead.API\WhatToRead.API.csproj", "{DE2D1B62-9C27-4790-AF8F-69834A2FD380}"
EndProject
Project("{9A19103F-16F7-4668-BE54-9A1E7A4F7556}") = "WhatToRead.API.AdoNet.DB", "WhatToRead.API.AdoNet.DB\WhatToRead.API.AdoNet.DB.csproj", "{62A0814F-0138-4EC1-9E73-992B452DCBF8}"
EndProject
Project("{9A19103F-16F7-4668-BE54-9A1E7A4F7556}") = "EFWhatToRead_DAL", "EFTopics.DAL\EFWhatToRead_DAL.csproj", "{418F875B-C795-4C82-911C-44238803AFCE}"
EndProject
Project("{9A19103F-16F7-4668-BE54-9A1E7A4F7556}") = "WhatToRead.API.EF", "WhatToRead.API.EF\WhatToRead.API.EF.csproj", "{062CBF42-465B-4B0C-A4C1-F0CBF62501E5}"
EndProject
Project("{9A19103F-16F7-4668-BE54-9A1E7A4F7556}") = "EFWhatToRead_BBL", "EFWhatToRead_BBL\EFWhatToRead_BBL.csproj", "{BEA63606-7F48-49FA-AED5-CD20EC9CC92A}"
EndProject
Project("{2150E333-8FDC-42A3-9474-1A3956D46DE8}") = "WhatToRead_ADO", "WhatToRead_ADO", "{38D7133F-99E3-46BC-8EB6-A92AA7055BF5}"
EndProject
Project("{2150E333-8FDC-42A3-9474-1A3956D46DE8}") = "WhatToRead_EF", "WhatToRead_EF", "{E865C777-FBD9-4466-A5BB-76FED373F80E}"
EndProject
Global
	GlobalSection(SolutionConfigurationPlatforms) = preSolution
		Debug|Any CPU = Debug|Any CPU
		Release|Any CPU = Release|Any CPU
	EndGlobalSection
	GlobalSection(ProjectConfigurationPlatforms) = postSolution
		{DE2D1B62-9C27-4790-AF8F-69834A2FD380}.Debug|Any CPU.ActiveCfg = Debug|Any CPU
		{DE2D1B62-9C27-4790-AF8F-69834A2FD380}.Debug|Any CPU.Build.0 = Debug|Any CPU
		{DE2D1B62-9C27-4790-AF8F-69834A2FD380}.Release|Any CPU.ActiveCfg = Release|Any CPU
		{DE2D1B62-9C27-4790-AF8F-69834A2FD380}.Release|Any CPU.Build.0 = Release|Any CPU
		{62A0814F-0138-4EC1-9E73-992B452DCBF8}.Debug|Any CPU.ActiveCfg = Debug|Any CPU
		{62A0814F-0138-4EC1-9E73-992B452DCBF8}.Debug|Any CPU.Build.0 = Debug|Any CPU
		{62A0814F-0138-4EC1-9E73-992B452DCBF8}.Release|Any CPU.ActiveCfg = Release|Any CPU
		{62A0814F-0138-4EC1-9E73-992B452DCBF8}.Release|Any CPU.Build.0 = Release|Any CPU
		{418F875B-C795-4C82-911C-44238803AFCE}.Debug|Any CPU.ActiveCfg = Debug|Any CPU
		{418F875B-C795-4C82-911C-44238803AFCE}.Debug|Any CPU.Build.0 = Debug|Any CPU
		{418F875B-C795-4C82-911C-44238803AFCE}.Release|Any CPU.ActiveCfg = Release|Any CPU
		{418F875B-C795-4C82-911C-44238803AFCE}.Release|Any CPU.Build.0 = Release|Any CPU
		{062CBF42-465B-4B0C-A4C1-F0CBF62501E5}.Debug|Any CPU.ActiveCfg = Debug|Any CPU
		{062CBF42-465B-4B0C-A4C1-F0CBF62501E5}.Debug|Any CPU.Build.0 = Debug|Any CPU
		{062CBF42-465B-4B0C-A4C1-F0CBF62501E5}.Release|Any CPU.ActiveCfg = Release|Any CPU
		{062CBF42-465B-4B0C-A4C1-F0CBF62501E5}.Release|Any CPU.Build.0 = Release|Any CPU
		{BEA63606-7F48-49FA-AED5-CD20EC9CC92A}.Debug|Any CPU.ActiveCfg = Debug|Any CPU
		{BEA63606-7F48-49FA-AED5-CD20EC9CC92A}.Debug|Any CPU.Build.0 = Debug|Any CPU
		{BEA63606-7F48-49FA-AED5-CD20EC9CC92A}.Release|Any CPU.ActiveCfg = Release|Any CPU
		{BEA63606-7F48-49FA-AED5-CD20EC9CC92A}.Release|Any CPU.Build.0 = Release|Any CPU
	EndGlobalSection
	GlobalSection(SolutionProperties) = preSolution
		HideSolutionNode = FALSE
	EndGlobalSection
	GlobalSection(NestedProjects) = preSolution
		{DE2D1B62-9C27-4790-AF8F-69834A2FD380} = {38D7133F-99E3-46BC-8EB6-A92AA7055BF5}
		{62A0814F-0138-4EC1-9E73-992B452DCBF8} = {38D7133F-99E3-46BC-8EB6-A92AA7055BF5}
		{418F875B-C795-4C82-911C-44238803AFCE} = {E865C777-FBD9-4466-A5BB-76FED373F80E}
		{062CBF42-465B-4B0C-A4C1-F0CBF62501E5} = {E865C777-FBD9-4466-A5BB-76FED373F80E}
		{BEA63606-7F48-49FA-AED5-CD20EC9CC92A} = {E865C777-FBD9-4466-A5BB-76FED373F80E}
	EndGlobalSection
	GlobalSection(ExtensibilityGlobals) = postSolution
		SolutionGuid = {55BAFAE6-D5F4-4684-8803-D0D04C96B429}
	EndGlobalSection
EndGlobal
